
Microsoft Visual Studio Solution File, Format Version 12.00
# Visual Studio Version 16
VisualStudioVersion = 16.0.30907.101
MinimumVisualStudioVersion = 10.0.40219.1
Project("{FAE04EC0-301F-11D3-BF4B-00C04F79EFBC}") = "currancy thing 2", "currancy thing 2\currancy thing 2.csproj", "{797EEF3B-2523-46CA-8196-018D42C07D4D}"
EndProject
Global
	GlobalSection(SolutionConfigurationPlatforms) = preSolution
		Debug|Any CPU = Debug|Any CPU
		Release|Any CPU = Release|Any CPU
	EndGlobalSection
	GlobalSection(ProjectConfigurationPlatforms) = postSolution
		{797EEF3B-2523-46CA-8196-018D42C07D4D}.Debug|Any CPU.ActiveCfg = Debug|Any CPU
		{797EEF3B-2523-46CA-8196-018D42C07D4D}.Debug|Any CPU.Build.0 = Debug|Any CPU
		{797EEF3B-2523-46CA-8196-018D42C07D4D}.Release|Any CPU.ActiveCfg = Release|Any CPU
		{797EEF3B-2523-46CA-8196-018D42C07D4D}.Release|Any CPU.Build.0 = Release|Any CPU
	EndGlobalSection
	GlobalSection(SolutionProperties) = preSolution
		HideSolutionNode = FALSE
	EndGlobalSection
	GlobalSection(ExtensibilityGlobals) = postSolution
		SolutionGuid = {FE53CBB1-FF7F-47A1-9EC5-0C74CB859457}
	EndGlobalSection
EndGlobal
